
Microsoft Visual Studio Solution File, Format Version 12.00
# Visual Studio Version 16
VisualStudioVersion = 16.0.30002.166
MinimumVisualStudioVersion = 10.0.40219.1
Project("{FAE04EC0-301F-11D3-BF4B-00C04F79EFBC}") = "TR2 Version Swapper", "..\TR2 Version Swapper\TR2 Version Swapper.csproj", "{1E07F9E3-4D9F-4846-A36B-56C98FCAD105}"
EndProject
Global
	GlobalSection(SolutionConfigurationPlatforms) = preSolution
		Debug|Any CPU = Debug|Any CPU
		Release|Any CPU = Release|Any CPU
	EndGlobalSection
	GlobalSection(ProjectConfigurationPlatforms) = postSolution
		{1E07F9E3-4D9F-4846-A36B-56C98FCAD105}.Debug|Any CPU.ActiveCfg = Debug|Any CPU
		{1E07F9E3-4D9F-4846-A36B-56C98FCAD105}.Debug|Any CPU.Build.0 = Debug|Any CPU
		{1E07F9E3-4D9F-4846-A36B-56C98FCAD105}.Release|Any CPU.ActiveCfg = Release|Any CPU
		{1E07F9E3-4D9F-4846-A36B-56C98FCAD105}.Release|Any CPU.Build.0 = Release|Any CPU
	EndGlobalSection
	GlobalSection(SolutionProperties) = preSolution
		HideSolutionNode = FALSE
	EndGlobalSection
	GlobalSection(ExtensibilityGlobals) = postSolution
		SolutionGuid = {433061FE-CC4C-40EE-97AF-FC6AAE66E5B7}
	EndGlobalSection
EndGlobal
